
Microsoft Visual Studio Solution File, Format Version 12.00
# Visual Studio 14
VisualStudioVersion = 14.0.23107.0
MinimumVisualStudioVersion = 10.0.40219.1
Project("{FAE04EC0-301F-11D3-BF4B-00C04F79EFBC}") = "BerlinClock.Tests", "BerlinClock.Tests\BerlinClock.Tests.csproj", "{DB9A7016-92F4-427E-AA3E-00C13799C1A7}"
EndProject
Project("{FAE04EC0-301F-11D3-BF4B-00C04F79EFBC}") = "BerlinClock", "BerlinClock\BerlinClock.csproj", "{F0184049-6A98-4109-AE55-3F8D23CD77E7}"
EndProject
Global
	GlobalSection(SolutionConfigurationPlatforms) = preSolution
		Debug|Any CPU = Debug|Any CPU
		Release|Any CPU = Release|Any CPU
	EndGlobalSection
	GlobalSection(ProjectConfigurationPlatforms) = postSolution
		{DB9A7016-92F4-427E-AA3E-00C13799C1A7}.Debug|Any CPU.ActiveCfg = Debug|Any CPU
		{DB9A7016-92F4-427E-AA3E-00C13799C1A7}.Debug|Any CPU.Build.0 = Debug|Any CPU
		{DB9A7016-92F4-427E-AA3E-00C13799C1A7}.Release|Any CPU.ActiveCfg = Release|Any CPU
		{DB9A7016-92F4-427E-AA3E-00C13799C1A7}.Release|Any CPU.Build.0 = Release|Any CPU
		{F0184049-6A98-4109-AE55-3F8D23CD77E7}.Debug|Any CPU.ActiveCfg = Debug|Any CPU
		{F0184049-6A98-4109-AE55-3F8D23CD77E7}.Debug|Any CPU.Build.0 = Debug|Any CPU
		{F0184049-6A98-4109-AE55-3F8D23CD77E7}.Release|Any CPU.ActiveCfg = Release|Any CPU
		{F0184049-6A98-4109-AE55-3F8D23CD77E7}.Release|Any CPU.Build.0 = Release|Any CPU
	EndGlobalSection
	GlobalSection(SolutionProperties) = preSolution
		HideSolutionNode = FALSE
	EndGlobalSection
EndGlobal
